
Microsoft Visual Studio Solution File, Format Version 12.00
# Visual Studio Version 17
VisualStudioVersion = 17.4.33122.133
MinimumVisualStudioVersion = 10.0.40219.1
Project("{FAE04EC0-301F-11D3-BF4B-00C04F79EFBC}") = "MvcApiPersonajesSeries2023", "MvcApiPersonajesSeries2023\MvcApiPersonajesSeries2023.csproj", "{1878768A-1841-456A-A2D1-0E0428FD5CCE}"
EndProject
Global
	GlobalSection(SolutionConfigurationPlatforms) = preSolution
		Debug|Any CPU = Debug|Any CPU
		Release|Any CPU = Release|Any CPU
	EndGlobalSection
	GlobalSection(ProjectConfigurationPlatforms) = postSolution
		{1878768A-1841-456A-A2D1-0E0428FD5CCE}.Debug|Any CPU.ActiveCfg = Debug|Any CPU
		{1878768A-1841-456A-A2D1-0E0428FD5CCE}.Debug|Any CPU.Build.0 = Debug|Any CPU
		{1878768A-1841-456A-A2D1-0E0428FD5CCE}.Release|Any CPU.ActiveCfg = Release|Any CPU
		{1878768A-1841-456A-A2D1-0E0428FD5CCE}.Release|Any CPU.Build.0 = Release|Any CPU
	EndGlobalSection
	GlobalSection(SolutionProperties) = preSolution
		HideSolutionNode = FALSE
	EndGlobalSection
	GlobalSection(ExtensibilityGlobals) = postSolution
		SolutionGuid = {A5520DCF-EA6E-4F12-A567-99F9705F229D}
	EndGlobalSection
EndGlobal
